
Microsoft Visual Studio Solution File, Format Version 12.00
# Visual Studio Version 17
VisualStudioVersion = 17.2.32519.379
MinimumVisualStudioVersion = 10.0.40219.1
Project("{FAE04EC0-301F-11D3-BF4B-00C04F79EFBC}") = "Consola", "fitsync\Consola.csproj", "{7D61B423-AD5B-4BEE-BAC6-467244BAB2F2}"
EndProject
Project("{9A19103F-16F7-4668-BE54-9A1E7A4F7556}") = "Services", "Services\Services.csproj", "{6EA21C54-88B3-4B4F-8388-3548D35C1C42}"
EndProject
Project("{FAE04EC0-301F-11D3-BF4B-00C04F79EFBC}") = "Repository", "Repository2\Repository.csproj", "{D25CFDD2-3582-44B5-B79F-C17D9CE2D373}"
EndProject
Global
	GlobalSection(SolutionConfigurationPlatforms) = preSolution
		Debug|Any CPU = Debug|Any CPU
		Release|Any CPU = Release|Any CPU
	EndGlobalSection
	GlobalSection(ProjectConfigurationPlatforms) = postSolution
		{7D61B423-AD5B-4BEE-BAC6-467244BAB2F2}.Debug|Any CPU.ActiveCfg = Debug|Any CPU
		{7D61B423-AD5B-4BEE-BAC6-467244BAB2F2}.Debug|Any CPU.Build.0 = Debug|Any CPU
		{7D61B423-AD5B-4BEE-BAC6-467244BAB2F2}.Release|Any CPU.ActiveCfg = Release|Any CPU
		{7D61B423-AD5B-4BEE-BAC6-467244BAB2F2}.Release|Any CPU.Build.0 = Release|Any CPU
		{6EA21C54-88B3-4B4F-8388-3548D35C1C42}.Debug|Any CPU.ActiveCfg = Debug|Any CPU
		{6EA21C54-88B3-4B4F-8388-3548D35C1C42}.Debug|Any CPU.Build.0 = Debug|Any CPU
		{6EA21C54-88B3-4B4F-8388-3548D35C1C42}.Release|Any CPU.ActiveCfg = Release|Any CPU
		{6EA21C54-88B3-4B4F-8388-3548D35C1C42}.Release|Any CPU.Build.0 = Release|Any CPU
		{D25CFDD2-3582-44B5-B79F-C17D9CE2D373}.Debug|Any CPU.ActiveCfg = Debug|Any CPU
		{D25CFDD2-3582-44B5-B79F-C17D9CE2D373}.Debug|Any CPU.Build.0 = Debug|Any CPU
		{D25CFDD2-3582-44B5-B79F-C17D9CE2D373}.Release|Any CPU.ActiveCfg = Release|Any CPU
		{D25CFDD2-3582-44B5-B79F-C17D9CE2D373}.Release|Any CPU.Build.0 = Release|Any CPU
	EndGlobalSection
	GlobalSection(SolutionProperties) = preSolution
		HideSolutionNode = FALSE
	EndGlobalSection
	GlobalSection(ExtensibilityGlobals) = postSolution
		SolutionGuid = {E80382D6-2E51-4C40-9DE6-2AACB4D54E3B}
	EndGlobalSection
EndGlobal
